
Microsoft Visual Studio Solution File, Format Version 12.00
# Visual Studio 15
VisualStudioVersion = 15.0.28307.421
MinimumVisualStudioVersion = 10.0.40219.1
Project("{9A19103F-16F7-4668-BE54-9A1E7A4F7556}") = "WebApplication1", "WebApplication1\WebApplication1.csproj", "{452D0B5D-B4FC-4440-83A6-461868C7C499}"
EndProject
Global
	GlobalSection(SolutionConfigurationPlatforms) = preSolution
		Debug|Any CPU = Debug|Any CPU
		Release|Any CPU = Release|Any CPU
	EndGlobalSection
	GlobalSection(ProjectConfigurationPlatforms) = postSolution
		{452D0B5D-B4FC-4440-83A6-461868C7C499}.Debug|Any CPU.ActiveCfg = Debug|Any CPU
		{452D0B5D-B4FC-4440-83A6-461868C7C499}.Debug|Any CPU.Build.0 = Debug|Any CPU
		{452D0B5D-B4FC-4440-83A6-461868C7C499}.Release|Any CPU.ActiveCfg = Release|Any CPU
		{452D0B5D-B4FC-4440-83A6-461868C7C499}.Release|Any CPU.Build.0 = Release|Any CPU
	EndGlobalSection
	GlobalSection(SolutionProperties) = preSolution
		HideSolutionNode = FALSE
	EndGlobalSection
	GlobalSection(ExtensibilityGlobals) = postSolution
		SolutionGuid = {76A31727-0B85-47BC-84B5-9CBAF03143CA}
	EndGlobalSection
EndGlobal
